[[package]]
name = "arrayref"
version = "0.3.5"
source = "registry+https://github.com/rust-lang/crates.io-index"

[[package]]
name = "balthacephalo"
version = "0.1.0"
dependencies = [
 "balthmessage 0.1.0",
]

[[package]]
name = "balthacli"
version = "0.1.0"
dependencies = [
 "balthalib 0.1.0",
]

[[package]]
name = "balthalib"
version = "0.1.0"
dependencies = [
 "balthacephalo 0.1.0",
 "balthapode 0.1.0",
]

[[package]]
name = "balthapode"
version = "0.1.0"
dependencies = [
 "balthmessage 0.1.0",
 "parity-wasm 0.32.0 (registry+https://github.com/rust-lang/crates.io-index)",
 "wasmi 0.4.0 (registry+https://github.com/rust-lang/crates.io-index)",
]

[[package]]
name = "balthmessage"
version = "0.1.0"
dependencies = [
 "ron 0.4.0 (registry+https://github.com/rust-lang/crates.io-index)",
 "serde 1.0.78 (registry+https://github.com/rust-lang/crates.io-index)",
 "serde_derive 1.0.78 (registry+https://github.com/rust-lang/crates.io-index)",
]

[[package]]
name = "balthwasm"
version = "0.1.0"
dependencies = [
 "generic-array 0.9.0 (registry+https://github.com/rust-lang/crates.io-index)",
 "sha3 0.7.3 (registry+https://github.com/rust-lang/crates.io-index)",
]

[[package]]
name = "base64"
version = "0.9.2"
source = "registry+https://github.com/rust-lang/crates.io-index"
dependencies = [
 "byteorder 1.2.6 (registry+https://github.com/rust-lang/crates.io-index)",
 "safemem 0.2.0 (registry+https://github.com/rust-lang/crates.io-index)",
]

[[package]]
name = "bitflags"
version = "1.0.3"
source = "registry+https://github.com/rust-lang/crates.io-index"

[[package]]
name = "block-buffer"
version = "0.3.3"
source = "registry+https://github.com/rust-lang/crates.io-index"
dependencies = [
 "arrayref 0.3.5 (registry+https://github.com/rust-lang/crates.io-index)",
 "byte-tools 0.2.0 (registry+https://github.com/rust-lang/crates.io-index)",
]

[[package]]
name = "byte-tools"
version = "0.2.0"
source = "registry+https://github.com/rust-lang/crates.io-index"

[[package]]
name = "byteorder"
version = "1.2.6"
source = "registry+https://github.com/rust-lang/crates.io-index"

[[package]]
name = "digest"
version = "0.7.5"
source = "registry+https://github.com/rust-lang/crates.io-index"
dependencies = [
 "generic-array 0.9.0 (registry+https://github.com/rust-lang/crates.io-index)",
]

[[package]]
name = "generic-array"
version = "0.9.0"
source = "registry+https://github.com/rust-lang/crates.io-index"
dependencies = [
 "typenum 1.10.0 (registry+https://github.com/rust-lang/crates.io-index)",
]

[[package]]
name = "keccak"
version = "0.1.0"
source = "registry+https://github.com/rust-lang/crates.io-index"

[[package]]
name = "memory_units"
version = "0.3.0"
source = "registry+https://github.com/rust-lang/crates.io-index"

[[package]]
name = "nan-preserving-float"
version = "0.1.0"
source = "registry+https://github.com/rust-lang/crates.io-index"

[[package]]
name = "parity-wasm"
version = "0.31.3"
source = "registry+https://github.com/rust-lang/crates.io-index"
dependencies = [
 "byteorder 1.2.6 (registry+https://github.com/rust-lang/crates.io-index)",
]

[[package]]
name = "parity-wasm"
version = "0.32.0"
source = "registry+https://github.com/rust-lang/crates.io-index"
dependencies = [
 "byteorder 1.2.6 (registry+https://github.com/rust-lang/crates.io-index)",
]

[[package]]
name = "proc-macro2"
version = "0.4.19"
source = "registry+https://github.com/rust-lang/crates.io-index"
dependencies = [
 "unicode-xid 0.1.0 (registry+https://github.com/rust-lang/crates.io-index)",
]

[[package]]
name = "quote"
version = "0.6.3"
source = "registry+https://github.com/rust-lang/crates.io-index"
dependencies = [
 "proc-macro2 0.4.19 (registry+https://github.com/rust-lang/crates.io-index)",
]

[[package]]
name = "ron"
version = "0.4.0"
source = "registry+https://github.com/rust-lang/crates.io-index"
dependencies = [
 "base64 0.9.2 (registry+https://github.com/rust-lang/crates.io-index)",
 "bitflags 1.0.3 (registry+https://github.com/rust-lang/crates.io-index)",
 "serde 1.0.78 (registry+https://github.com/rust-lang/crates.io-index)",
]

[[package]]
name = "safemem"
version = "0.2.0"
source = "registry+https://github.com/rust-lang/crates.io-index"

[[package]]
name = "serde"
version = "1.0.78"
source = "registry+https://github.com/rust-lang/crates.io-index"
dependencies = [
 "serde_derive 1.0.78 (registry+https://github.com/rust-lang/crates.io-index)",
]

[[package]]
name = "serde_derive"
version = "1.0.78"
source = "registry+https://github.com/rust-lang/crates.io-index"
dependencies = [
 "proc-macro2 0.4.19 (registry+https://github.com/rust-lang/crates.io-index)",
 "quote 0.6.3 (registry+https://github.com/rust-lang/crates.io-index)",
 "syn 0.15.1 (registry+https://github.com/rust-lang/crates.io-index)",
]

[[package]]
name = "sha3"
version = "0.7.3"
source = "registry+https://github.com/rust-lang/crates.io-index"
dependencies = [
 "block-buffer 0.3.3 (registry+https://github.com/rust-lang/crates.io-index)",
 "byte-tools 0.2.0 (registry+https://github.com/rust-lang/crates.io-index)",
 "digest 0.7.5 (registry+https://github.com/rust-lang/crates.io-index)",
 "keccak 0.1.0 (registry+https://github.com/rust-lang/crates.io-index)",
]

[[package]]
name = "syn"
version = "0.15.1"
source = "registry+https://github.com/rust-lang/crates.io-index"
dependencies = [
 "proc-macro2 0.4.19 (registry+https://github.com/rust-lang/crates.io-index)",
 "quote 0.6.3 (registry+https://github.com/rust-lang/crates.io-index)",
 "unicode-xid 0.1.0 (registry+https://github.com/rust-lang/crates.io-index)",
]

[[package]]
name = "typenum"
version = "1.10.0"
source = "registry+https://github.com/rust-lang/crates.io-index"

[[package]]
name = "unicode-xid"
version = "0.1.0"
source = "registry+https://github.com/rust-lang/crates.io-index"

[[package]]
name = "wasmi"
version = "0.4.0"
source = "registry+https://github.com/rust-lang/crates.io-index"
dependencies = [
 "byteorder 1.2.6 (registry+https://github.com/rust-lang/crates.io-index)",
 "memory_units 0.3.0 (registry+https://github.com/rust-lang/crates.io-index)",
 "nan-preserving-float 0.1.0 (registry+https://github.com/rust-lang/crates.io-index)",
 "parity-wasm 0.31.3 (registry+https://github.com/rust-lang/crates.io-index)",
]

[metadata]
"checksum arrayref 0.3.5 (registry+https://github.com/rust-lang/crates.io-index)" = "0d382e583f07208808f6b1249e60848879ba3543f57c32277bf52d69c2f0f0ee"
"checksum base64 0.9.2 (registry+https://github.com/rust-lang/crates.io-index)" = "85415d2594767338a74a30c1d370b2f3262ec1b4ed2d7bba5b3faf4de40467d9"
"checksum bitflags 1.0.3 (registry+https://github.com/rust-lang/crates.io-index)" = "d0c54bb8f454c567f21197eefcdbf5679d0bd99f2ddbe52e84c77061952e6789"
"checksum block-buffer 0.3.3 (registry+https://github.com/rust-lang/crates.io-index)" = "a076c298b9ecdb530ed9d967e74a6027d6a7478924520acddcddc24c1c8ab3ab"
"checksum byte-tools 0.2.0 (registry+https://github.com/rust-lang/crates.io-index)" = "560c32574a12a89ecd91f5e742165893f86e3ab98d21f8ea548658eb9eef5f40"
"checksum byteorder 1.2.6 (registry+https://github.com/rust-lang/crates.io-index)" = "90492c5858dd7d2e78691cfb89f90d273a2800fc11d98f60786e5d87e2f83781"
"checksum digest 0.7.5 (registry+https://github.com/rust-lang/crates.io-index)" = "5b29c278aa8fd30796bd977169e8004b4aa88cdcd2f32a6eb22bc2d5d38df94a"
"checksum generic-array 0.9.0 (registry+https://github.com/rust-lang/crates.io-index)" = "ef25c5683767570c2bbd7deba372926a55eaae9982d7726ee2a1050239d45b9d"
"checksum keccak 0.1.0 (registry+https://github.com/rust-lang/crates.io-index)" = "67c21572b4949434e4fc1e1978b99c5f77064153c59d998bf13ecd96fb5ecba7"
"checksum memory_units 0.3.0 (registry+https://github.com/rust-lang/crates.io-index)" = "71d96e3f3c0b6325d8ccd83c33b28acb183edcb6c67938ba104ec546854b0882"
"checksum nan-preserving-float 0.1.0 (registry+https://github.com/rust-lang/crates.io-index)" = "34d4f00fcc2f4c9efa8cc971db0da9e28290e28e97af47585e48691ef10ff31f"
"checksum parity-wasm 0.31.3 (registry+https://github.com/rust-lang/crates.io-index)" = "511379a8194230c2395d2f5fa627a5a7e108a9f976656ce723ae68fca4097bfc"
"checksum parity-wasm 0.32.0 (registry+https://github.com/rust-lang/crates.io-index)" = "16ad52817c4d343339b3bc2e26861bd21478eda0b7509acf83505727000512ac"
"checksum proc-macro2 0.4.19 (registry+https://github.com/rust-lang/crates.io-index)" = "ffe022fb8c8bd254524b0b3305906c1921fa37a84a644e29079a9e62200c3901"
"checksum quote 0.6.3 (registry+https://github.com/rust-lang/crates.io-index)" = "e44651a0dc4cdd99f71c83b561e221f714912d11af1a4dff0631f923d53af035"
"checksum ron 0.4.0 (registry+https://github.com/rust-lang/crates.io-index)" = "c48677d8a9247a4e0d1f3f9cb4b0a8e29167fdc3c04f383a5e669cd7a960ae0f"
"checksum safemem 0.2.0 (registry+https://github.com/rust-lang/crates.io-index)" = "e27a8b19b835f7aea908818e871f5cc3a5a186550c30773be987e155e8163d8f"
"checksum serde 1.0.78 (registry+https://github.com/rust-lang/crates.io-index)" = "92ec94e2754699adddbbc4f555791bd3acc2a2f5574cba16c93a4a9cf4a04415"
"checksum serde_derive 1.0.78 (registry+https://github.com/rust-lang/crates.io-index)" = "0fb622d85245add5327d4f08b2d24fd51fa5d35fe1bba19ee79a1f211e9ac0ff"
"checksum sha3 0.7.3 (registry+https://github.com/rust-lang/crates.io-index)" = "b64dcef59ed4290b9fb562b53df07f564690d6539e8ecdd4728cf392477530bc"
"checksum syn 0.15.1 (registry+https://github.com/rust-lang/crates.io-index)" = "85fb2f7f9b7a4c8df2c913a852de570efdb40f0d2edd39c8245ad573f5c7fbcc"
"checksum typenum 1.10.0 (registry+https://github.com/rust-lang/crates.io-index)" = "612d636f949607bdf9b123b4a6f6d966dedf3ff669f7f045890d3a4a73948169"
"checksum unicode-xid 0.1.0 (registry+https://github.com/rust-lang/crates.io-index)" = "fc72304796d0818e357ead4e000d19c9c174ab23dc11093ac919054d20a6a7fc"
"checksum wasmi 0.4.0 (registry+https://github.com/rust-lang/crates.io-index)" = "522fe3fdd44a56f25cd5ddcd8ccdb1cf2e982ceb28fcb00f41d8a018ae5245a8"
